{
    "name": "@lesnoypudge/types-global-base",
    "version": "1.4.0",
    "lockfileVersion": 3,
    "requires": true,
    "packages": {
        "": {
            "name": "@lesnoypudge/types-global-base",
            "version": "1.4.0",
            "license": "ISC",
            "dependencies": {
                "@total-typescript/ts-reset": "^0.6.1",
                "types-spring": "^2.2.2",
                "typescript": "^5.6.3"
            }
        },
        "node_modules/@total-typescript/ts-reset": {
            "version": "0.6.1",
            "resolved": "https://registry.npmjs.org/@total-typescript/ts-reset/-/ts-reset-0.6.1.tgz",
            "integrity": "sha512-cka47fVSo6lfQDIATYqb/vO1nvFfbPw7uWLayIXIhGETj0wcOOlrlkobOMDNQOFr9QOafegUPq13V2+6vtD7yg==",
            "license": "MIT"
        },
        "node_modules/types-spring": {
            "version": "2.2.2",
            "resolved": "https://registry.npmjs.org/types-spring/-/types-spring-2.2.2.tgz",
            "integrity": "sha512-0VvKot2uYJywHCchKwIcZXVHACvyUgCGWzJUf+z/fLv2n3VQ1q45GvhimT6i55kjPm9WZ4ciDDtB69UCp95uQg==",
            "peerDependencies": {
                "typescript": "^4.7.4 || ^5.0.4"
            }
        },
        "node_modules/typescript": {
            "version": "5.6.3",
            "resolved": "https://registry.npmjs.org/typescript/-/typescript-5.6.3.tgz",
            "integrity": "sha512-hjcS1mhfuyi4WW8IWtjP7brDrG2cuDZukyrYrSauoXGNgx0S7zceP07adYkJycEr56BOUTNPzbInooiN3fn1qw==",
            "license": "Apache-2.0",
            "bin": {
                "tsc": "bin/tsc",
                "tsserver": "bin/tsserver"
            },
            "engines": {
                "node": ">=14.17"
            }
        }
    }
}
